
Microsoft Visual Studio Solution File, Format Version 12.00
# Visual Studio 15
VisualStudioVersion = 15.0.26730.12
MinimumVisualStudioVersion = 10.0.40219.1
Project("{2150E333-8FDC-42A3-9474-1A3956D46DE8}") = "Data", "Data", "{717666DF-E5F5-45AE-9F5C-504C0D1A008F}"
EndProject
Project("{2150E333-8FDC-42A3-9474-1A3956D46DE8}") = "Di", "Di", "{65A94F68-957C-4363-96EC-0B1484393C66}"
EndProject
Project("{9A19103F-16F7-4668-BE54-9A1E7A4F7556}") = "AspCoreDi", "di\AspCoreDi\AspCoreDi.csproj", "{826FCCA2-4963-46E9-AA7A-DB611BF40E15}"
EndProject
Project("{9A19103F-16F7-4668-BE54-9A1E7A4F7556}") = "MongoDb", "Data\BE.CQRS.Data.MongoDb\MongoDb.csproj", "{12FE8E39-FD72-4CD9-852F-5FA4927B1A12}"
EndProject
Project("{9A19103F-16F7-4668-BE54-9A1E7A4F7556}") = "MongoDb.Tests", "Data\BE.CQRS.Data.MongoDb.Tests\MongoDb.Tests.csproj", "{8C72B6AC-6CCC-4EA9-AE23-88EEF5C92498}"
EndProject
Project("{9A19103F-16F7-4668-BE54-9A1E7A4F7556}") = "GetEventStore", "Data\BE.CQRS.Data.GetEventStore\GetEventStore.csproj", "{6B1D5124-5EAB-45E1-BC99-8B2EACFCCF0E}"
EndProject
Project("{9A19103F-16F7-4668-BE54-9A1E7A4F7556}") = "GetEventStore.IntegrationTests", "Data\BE.CQRS.Data.GetEventStore.IntegrationTests\GetEventStore.IntegrationTests.csproj", "{A0573B54-0BE1-4FCC-B373-33A2CB04C9B2}"
EndProject
Project("{9A19103F-16F7-4668-BE54-9A1E7A4F7556}") = "GetEventStore.Tests", "Data\BE.CQRS.Data.GetEventStore.Tests\GetEventStore.Tests.csproj", "{68DD989B-6CD7-4CF5-A0FC-D3C34588C832}"
EndProject
Project("{2150E333-8FDC-42A3-9474-1A3956D46DE8}") = "_TestFramework", "_TestFramework", "{EA6BE562-3273-42D0-AA51-FEFFBB90389A}"
EndProject
Project("{9A19103F-16F7-4668-BE54-9A1E7A4F7556}") = "Tests.Fakes", "TestFramework\Tests.Fakes\Tests.Fakes.csproj", "{97738815-DD1B-4B1A-B561-049C0F6D8608}"
EndProject
Project("{9A19103F-16F7-4668-BE54-9A1E7A4F7556}") = "Testrunner", "TestFramework\Testrunner\Testrunner.csproj", "{D8588072-61CF-4E75-BFA6-AD456C44D6E1}"
EndProject
Project("{9A19103F-16F7-4668-BE54-9A1E7A4F7556}") = "Domain", "Domain\Domain\Domain.csproj", "{37C5007C-09AB-4269-9B89-E597728D4306}"
EndProject
Project("{9A19103F-16F7-4668-BE54-9A1E7A4F7556}") = "Domain.Tests", "Domain\Domain.Tests\Domain.Tests.csproj", "{0C7AD1B5-502F-45BF-8A59-2E06B8860C64}"
EndProject
Project("{9A19103F-16F7-4668-BE54-9A1E7A4F7556}") = "UnityDi", "Di\UnityDi\UnityDi.csproj", "{CCDAABBD-94E6-4050-B7BB-59D22045EAF4}"
EndProject
Project("{2150E333-8FDC-42A3-9474-1A3956D46DE8}") = "Web", "Web", "{63DA92E4-B48D-401E-A272-167AC64C6AB3}"
EndProject
Project("{9A19103F-16F7-4668-BE54-9A1E7A4F7556}") = "AspCore", "BE.CQRS.Web.AspCore\AspCore.csproj", "{92D09D87-80C0-47E2-BB87-16D2EC4F007E}"
EndProject
Project("{9A19103F-16F7-4668-BE54-9A1E7A4F7556}") = "AspCore.Tests", "BE.CQRS.Web.AspCore.Tests\AspCore.Tests.csproj", "{622350F3-5E5B-4AE2-959B-B18CEDD198D1}"
EndProject
Project("{2150E333-8FDC-42A3-9474-1A3956D46DE8}") = "Mapping", "Mapping", "{6980B8EF-1A17-4F47-B67E-7EA02A0637AF}"
EndProject
Project("{9A19103F-16F7-4668-BE54-9A1E7A4F7556}") = "BE.CQRS.Mapping.AutoMapper", "Mapping\Automapper\BE.CQRS.Mapping.AutoMapper\BE.CQRS.Mapping.AutoMapper.csproj", "{C6367A94-9CC1-46AD-9F39-F80D068D3CA8}"
EndProject
Project("{9A19103F-16F7-4668-BE54-9A1E7A4F7556}") = "DiTests", "Di\DiTests\DiTests.csproj", "{DB02DBBA-1CE8-4214-85A1-09A65A55893A}"
EndProject
Global
	GlobalSection(SolutionConfigurationPlatforms) = preSolution
		Debug|Any CPU = Debug|Any CPU
		Debug|x64 = Debug|x64
		Debug|x86 = Debug|x86
		Release|Any CPU = Release|Any CPU
		Release|x64 = Release|x64
		Release|x86 = Release|x86
	EndGlobalSection
	GlobalSection(ProjectConfigurationPlatforms) = postSolution
		{826FCCA2-4963-46E9-AA7A-DB611BF40E15}.Debug|Any CPU.ActiveCfg = Debug|Any CPU
		{826FCCA2-4963-46E9-AA7A-DB611BF40E15}.Debug|Any CPU.Build.0 = Debug|Any CPU
		{826FCCA2-4963-46E9-AA7A-DB611BF40E15}.Debug|x64.ActiveCfg = Debug|Any CPU
		{826FCCA2-4963-46E9-AA7A-DB611BF40E15}.Debug|x64.Build.0 = Debug|Any CPU
		{826FCCA2-4963-46E9-AA7A-DB611BF40E15}.Debug|x86.ActiveCfg = Debug|Any CPU
		{826FCCA2-4963-46E9-AA7A-DB611BF40E15}.Debug|x86.Build.0 = Debug|Any CPU
		{826FCCA2-4963-46E9-AA7A-DB611BF40E15}.Release|Any CPU.ActiveCfg = Release|Any CPU
		{826FCCA2-4963-46E9-AA7A-DB611BF40E15}.Release|Any CPU.Build.0 = Release|Any CPU
		{826FCCA2-4963-46E9-AA7A-DB611BF40E15}.Release|x64.ActiveCfg = Release|Any CPU
		{826FCCA2-4963-46E9-AA7A-DB611BF40E15}.Release|x64.Build.0 = Release|Any CPU
		{826FCCA2-4963-46E9-AA7A-DB611BF40E15}.Release|x86.ActiveCfg = Release|Any CPU
		{826FCCA2-4963-46E9-AA7A-DB611BF40E15}.Release|x86.Build.0 = Release|Any CPU
		{12FE8E39-FD72-4CD9-852F-5FA4927B1A12}.Debug|Any CPU.ActiveCfg = Debug|Any CPU
		{12FE8E39-FD72-4CD9-852F-5FA4927B1A12}.Debug|Any CPU.Build.0 = Debug|Any CPU
		{12FE8E39-FD72-4CD9-852F-5FA4927B1A12}.Debug|x64.ActiveCfg = Debug|Any CPU
		{12FE8E39-FD72-4CD9-852F-5FA4927B1A12}.Debug|x64.Build.0 = Debug|Any CPU
		{12FE8E39-FD72-4CD9-852F-5FA4927B1A12}.Debug|x86.ActiveCfg = Debug|Any CPU
		{12FE8E39-FD72-4CD9-852F-5FA4927B1A12}.Debug|x86.Build.0 = Debug|Any CPU
		{12FE8E39-FD72-4CD9-852F-5FA4927B1A12}.Release|Any CPU.ActiveCfg = Release|Any CPU
		{12FE8E39-FD72-4CD9-852F-5FA4927B1A12}.Release|Any CPU.Build.0 = Release|Any CPU
		{12FE8E39-FD72-4CD9-852F-5FA4927B1A12}.Release|x64.ActiveCfg = Release|Any CPU
		{12FE8E39-FD72-4CD9-852F-5FA4927B1A12}.Release|x64.Build.0 = Release|Any CPU
		{12FE8E39-FD72-4CD9-852F-5FA4927B1A12}.Release|x86.ActiveCfg = Release|Any CPU
		{12FE8E39-FD72-4CD9-852F-5FA4927B1A12}.Release|x86.Build.0 = Release|Any CPU
		{8C72B6AC-6CCC-4EA9-AE23-88EEF5C92498}.Debug|Any CPU.ActiveCfg = Debug|Any CPU
		{8C72B6AC-6CCC-4EA9-AE23-88EEF5C92498}.Debug|Any CPU.Build.0 = Debug|Any CPU
		{8C72B6AC-6CCC-4EA9-AE23-88EEF5C92498}.Debug|x64.ActiveCfg = Debug|Any CPU
		{8C72B6AC-6CCC-4EA9-AE23-88EEF5C92498}.Debug|x64.Build.0 = Debug|Any CPU
		{8C72B6AC-6CCC-4EA9-AE23-88EEF5C92498}.Debug|x86.ActiveCfg = Debug|Any CPU
		{8C72B6AC-6CCC-4EA9-AE23-88EEF5C92498}.Debug|x86.Build.0 = Debug|Any CPU
		{8C72B6AC-6CCC-4EA9-AE23-88EEF5C92498}.Release|Any CPU.ActiveCfg = Release|Any CPU
		{8C72B6AC-6CCC-4EA9-AE23-88EEF5C92498}.Release|Any CPU.Build.0 = Release|Any CPU
		{8C72B6AC-6CCC-4EA9-AE23-88EEF5C92498}.Release|x64.ActiveCfg = Release|Any CPU
		{8C72B6AC-6CCC-4EA9-AE23-88EEF5C92498}.Release|x64.Build.0 = Release|Any CPU
		{8C72B6AC-6CCC-4EA9-AE23-88EEF5C92498}.Release|x86.ActiveCfg = Release|Any CPU
		{8C72B6AC-6CCC-4EA9-AE23-88EEF5C92498}.Release|x86.Build.0 = Release|Any CPU
		{6B1D5124-5EAB-45E1-BC99-8B2EACFCCF0E}.Debug|Any CPU.ActiveCfg = Debug|Any CPU
		{6B1D5124-5EAB-45E1-BC99-8B2EACFCCF0E}.Debug|Any CPU.Build.0 = Debug|Any CPU
		{6B1D5124-5EAB-45E1-BC99-8B2EACFCCF0E}.Debug|x64.ActiveCfg = Debug|Any CPU
		{6B1D5124-5EAB-45E1-BC99-8B2EACFCCF0E}.Debug|x64.Build.0 = Debug|Any CPU
		{6B1D5124-5EAB-45E1-BC99-8B2EACFCCF0E}.Debug|x86.ActiveCfg = Debug|Any CPU
		{6B1D5124-5EAB-45E1-BC99-8B2EACFCCF0E}.Debug|x86.Build.0 = Debug|Any CPU
		{6B1D5124-5EAB-45E1-BC99-8B2EACFCCF0E}.Release|Any CPU.ActiveCfg = Release|Any CPU
		{6B1D5124-5EAB-45E1-BC99-8B2EACFCCF0E}.Release|Any CPU.Build.0 = Release|Any CPU
		{6B1D5124-5EAB-45E1-BC99-8B2EACFCCF0E}.Release|x64.ActiveCfg = Release|Any CPU
		{6B1D5124-5EAB-45E1-BC99-8B2EACFCCF0E}.Release|x64.Build.0 = Release|Any CPU
		{6B1D5124-5EAB-45E1-BC99-8B2EACFCCF0E}.Release|x86.ActiveCfg = Release|Any CPU
		{6B1D5124-5EAB-45E1-BC99-8B2EACFCCF0E}.Release|x86.Build.0 = Release|Any CPU
		{A0573B54-0BE1-4FCC-B373-33A2CB04C9B2}.Debug|Any CPU.ActiveCfg = Debug|Any CPU
		{A0573B54-0BE1-4FCC-B373-33A2CB04C9B2}.Debug|Any CPU.Build.0 = Debug|Any CPU
		{A0573B54-0BE1-4FCC-B373-33A2CB04C9B2}.Debug|x64.ActiveCfg = Debug|Any CPU
		{A0573B54-0BE1-4FCC-B373-33A2CB04C9B2}.Debug|x64.Build.0 = Debug|Any CPU
		{A0573B54-0BE1-4FCC-B373-33A2CB04C9B2}.Debug|x86.ActiveCfg = Debug|Any CPU
		{A0573B54-0BE1-4FCC-B373-33A2CB04C9B2}.Debug|x86.Build.0 = Debug|Any CPU
		{A0573B54-0BE1-4FCC-B373-33A2CB04C9B2}.Release|Any CPU.ActiveCfg = Release|Any CPU
		{A0573B54-0BE1-4FCC-B373-33A2CB04C9B2}.Release|Any CPU.Build.0 = Release|Any CPU
		{A0573B54-0BE1-4FCC-B373-33A2CB04C9B2}.Release|x64.ActiveCfg = Release|Any CPU
		{A0573B54-0BE1-4FCC-B373-33A2CB04C9B2}.Release|x64.Build.0 = Release|Any CPU
		{A0573B54-0BE1-4FCC-B373-33A2CB04C9B2}.Release|x86.ActiveCfg = Release|Any CPU
		{A0573B54-0BE1-4FCC-B373-33A2CB04C9B2}.Release|x86.Build.0 = Release|Any CPU
		{68DD989B-6CD7-4CF5-A0FC-D3C34588C832}.Debug|Any CPU.ActiveCfg = Debug|Any CPU
		{68DD989B-6CD7-4CF5-A0FC-D3C34588C832}.Debug|Any CPU.Build.0 = Debug|Any CPU
		{68DD989B-6CD7-4CF5-A0FC-D3C34588C832}.Debug|x64.ActiveCfg = Debug|Any CPU
		{68DD989B-6CD7-4CF5-A0FC-D3C34588C832}.Debug|x64.Build.0 = Debug|Any CPU
		{68DD989B-6CD7-4CF5-A0FC-D3C34588C832}.Debug|x86.ActiveCfg = Debug|Any CPU
		{68DD989B-6CD7-4CF5-A0FC-D3C34588C832}.Debug|x86.Build.0 = Debug|Any CPU
		{68DD989B-6CD7-4CF5-A0FC-D3C34588C832}.Release|Any CPU.ActiveCfg = Release|Any CPU
		{68DD989B-6CD7-4CF5-A0FC-D3C34588C832}.Release|Any CPU.Build.0 = Release|Any CPU
		{68DD989B-6CD7-4CF5-A0FC-D3C34588C832}.Release|x64.ActiveCfg = Release|Any CPU
		{68DD989B-6CD7-4CF5-A0FC-D3C34588C832}.Release|x64.Build.0 = Release|Any CPU
		{68DD989B-6CD7-4CF5-A0FC-D3C34588C832}.Release|x86.ActiveCfg = Release|Any CPU
		{68DD989B-6CD7-4CF5-A0FC-D3C34588C832}.Release|x86.Build.0 = Release|Any CPU
		{97738815-DD1B-4B1A-B561-049C0F6D8608}.Debug|Any CPU.ActiveCfg = Debug|Any CPU
		{97738815-DD1B-4B1A-B561-049C0F6D8608}.Debug|Any CPU.Build.0 = Debug|Any CPU
		{97738815-DD1B-4B1A-B561-049C0F6D8608}.Debug|x64.ActiveCfg = Debug|Any CPU
		{97738815-DD1B-4B1A-B561-049C0F6D8608}.Debug|x64.Build.0 = Debug|Any CPU
		{97738815-DD1B-4B1A-B561-049C0F6D8608}.Debug|x86.ActiveCfg = Debug|Any CPU
		{97738815-DD1B-4B1A-B561-049C0F6D8608}.Debug|x86.Build.0 = Debug|Any CPU
		{97738815-DD1B-4B1A-B561-049C0F6D8608}.Release|Any CPU.ActiveCfg = Release|Any CPU
		{97738815-DD1B-4B1A-B561-049C0F6D8608}.Release|Any CPU.Build.0 = Release|Any CPU
		{97738815-DD1B-4B1A-B561-049C0F6D8608}.Release|x64.ActiveCfg = Release|Any CPU
		{97738815-DD1B-4B1A-B561-049C0F6D8608}.Release|x64.Build.0 = Release|Any CPU
		{97738815-DD1B-4B1A-B561-049C0F6D8608}.Release|x86.ActiveCfg = Release|Any CPU
		{97738815-DD1B-4B1A-B561-049C0F6D8608}.Release|x86.Build.0 = Release|Any CPU
		{D8588072-61CF-4E75-BFA6-AD456C44D6E1}.Debug|Any CPU.ActiveCfg = Debug|Any CPU
		{D8588072-61CF-4E75-BFA6-AD456C44D6E1}.Debug|Any CPU.Build.0 = Debug|Any CPU
		{D8588072-61CF-4E75-BFA6-AD456C44D6E1}.Debug|x64.ActiveCfg = Debug|Any CPU
		{D8588072-61CF-4E75-BFA6-AD456C44D6E1}.Debug|x64.Build.0 = Debug|Any CPU
		{D8588072-61CF-4E75-BFA6-AD456C44D6E1}.Debug|x86.ActiveCfg = Debug|Any CPU
		{D8588072-61CF-4E75-BFA6-AD456C44D6E1}.Debug|x86.Build.0 = Debug|Any CPU
		{D8588072-61CF-4E75-BFA6-AD456C44D6E1}.Release|Any CPU.ActiveCfg = Release|Any CPU
		{D8588072-61CF-4E75-BFA6-AD456C44D6E1}.Release|Any CPU.Build.0 = Release|Any CPU
		{D8588072-61CF-4E75-BFA6-AD456C44D6E1}.Release|x64.ActiveCfg = Release|Any CPU
		{D8588072-61CF-4E75-BFA6-AD456C44D6E1}.Release|x64.Build.0 = Release|Any CPU
		{D8588072-61CF-4E75-BFA6-AD456C44D6E1}.Release|x86.ActiveCfg = Release|Any CPU
		{D8588072-61CF-4E75-BFA6-AD456C44D6E1}.Release|x86.Build.0 = Release|Any CPU
		{37C5007C-09AB-4269-9B89-E597728D4306}.Debug|Any CPU.ActiveCfg = Debug|Any CPU
		{37C5007C-09AB-4269-9B89-E597728D4306}.Debug|Any CPU.Build.0 = Debug|Any CPU
		{37C5007C-09AB-4269-9B89-E597728D4306}.Debug|x64.ActiveCfg = Debug|Any CPU
		{37C5007C-09AB-4269-9B89-E597728D4306}.Debug|x64.Build.0 = Debug|Any CPU
		{37C5007C-09AB-4269-9B89-E597728D4306}.Debug|x86.ActiveCfg = Debug|Any CPU
		{37C5007C-09AB-4269-9B89-E597728D4306}.Debug|x86.Build.0 = Debug|Any CPU
		{37C5007C-09AB-4269-9B89-E597728D4306}.Release|Any CPU.ActiveCfg = Release|Any CPU
		{37C5007C-09AB-4269-9B89-E597728D4306}.Release|Any CPU.Build.0 = Release|Any CPU
		{37C5007C-09AB-4269-9B89-E597728D4306}.Release|x64.ActiveCfg = Release|Any CPU
		{37C5007C-09AB-4269-9B89-E597728D4306}.Release|x64.Build.0 = Release|Any CPU
		{37C5007C-09AB-4269-9B89-E597728D4306}.Release|x86.ActiveCfg = Release|Any CPU
		{37C5007C-09AB-4269-9B89-E597728D4306}.Release|x86.Build.0 = Release|Any CPU
		{0C7AD1B5-502F-45BF-8A59-2E06B8860C64}.Debug|Any CPU.ActiveCfg = Debug|Any CPU
		{0C7AD1B5-502F-45BF-8A59-2E06B8860C64}.Debug|Any CPU.Build.0 = Debug|Any CPU
		{0C7AD1B5-502F-45BF-8A59-2E06B8860C64}.Debug|x64.ActiveCfg = Debug|Any CPU
		{0C7AD1B5-502F-45BF-8A59-2E06B8860C64}.Debug|x64.Build.0 = Debug|Any CPU
		{0C7AD1B5-502F-45BF-8A59-2E06B8860C64}.Debug|x86.ActiveCfg = Debug|Any CPU
		{0C7AD1B5-502F-45BF-8A59-2E06B8860C64}.Debug|x86.Build.0 = Debug|Any CPU
		{0C7AD1B5-502F-45BF-8A59-2E06B8860C64}.Release|Any CPU.ActiveCfg = Release|Any CPU
		{0C7AD1B5-502F-45BF-8A59-2E06B8860C64}.Release|Any CPU.Build.0 = Release|Any CPU
		{0C7AD1B5-502F-45BF-8A59-2E06B8860C64}.Release|x64.ActiveCfg = Release|Any CPU
		{0C7AD1B5-502F-45BF-8A59-2E06B8860C64}.Release|x64.Build.0 = Release|Any CPU
		{0C7AD1B5-502F-45BF-8A59-2E06B8860C64}.Release|x86.ActiveCfg = Release|Any CPU
		{0C7AD1B5-502F-45BF-8A59-2E06B8860C64}.Release|x86.Build.0 = Release|Any CPU
		{CCDAABBD-94E6-4050-B7BB-59D22045EAF4}.Debug|Any CPU.ActiveCfg = Debug|Any CPU
		{CCDAABBD-94E6-4050-B7BB-59D22045EAF4}.Debug|Any CPU.Build.0 = Debug|Any CPU
		{CCDAABBD-94E6-4050-B7BB-59D22045EAF4}.Debug|x64.ActiveCfg = Debug|Any CPU
		{CCDAABBD-94E6-4050-B7BB-59D22045EAF4}.Debug|x64.Build.0 = Debug|Any CPU
		{CCDAABBD-94E6-4050-B7BB-59D22045EAF4}.Debug|x86.ActiveCfg = Debug|Any CPU
		{CCDAABBD-94E6-4050-B7BB-59D22045EAF4}.Debug|x86.Build.0 = Debug|Any CPU
		{CCDAABBD-94E6-4050-B7BB-59D22045EAF4}.Release|Any CPU.ActiveCfg = Release|Any CPU
		{CCDAABBD-94E6-4050-B7BB-59D22045EAF4}.Release|Any CPU.Build.0 = Release|Any CPU
		{CCDAABBD-94E6-4050-B7BB-59D22045EAF4}.Release|x64.ActiveCfg = Release|Any CPU
		{CCDAABBD-94E6-4050-B7BB-59D22045EAF4}.Release|x64.Build.0 = Release|Any CPU
		{CCDAABBD-94E6-4050-B7BB-59D22045EAF4}.Release|x86.ActiveCfg = Release|Any CPU
		{CCDAABBD-94E6-4050-B7BB-59D22045EAF4}.Release|x86.Build.0 = Release|Any CPU
		{92D09D87-80C0-47E2-BB87-16D2EC4F007E}.Debug|Any CPU.ActiveCfg = Debug|Any CPU
		{92D09D87-80C0-47E2-BB87-16D2EC4F007E}.Debug|Any CPU.Build.0 = Debug|Any CPU
		{92D09D87-80C0-47E2-BB87-16D2EC4F007E}.Debug|x64.ActiveCfg = Debug|Any CPU
		{92D09D87-80C0-47E2-BB87-16D2EC4F007E}.Debug|x64.Build.0 = Debug|Any CPU
		{92D09D87-80C0-47E2-BB87-16D2EC4F007E}.Debug|x86.ActiveCfg = Debug|Any CPU
		{92D09D87-80C0-47E2-BB87-16D2EC4F007E}.Debug|x86.Build.0 = Debug|Any CPU
		{92D09D87-80C0-47E2-BB87-16D2EC4F007E}.Release|Any CPU.ActiveCfg = Release|Any CPU
		{92D09D87-80C0-47E2-BB87-16D2EC4F007E}.Release|Any CPU.Build.0 = Release|Any CPU
		{92D09D87-80C0-47E2-BB87-16D2EC4F007E}.Release|x64.ActiveCfg = Release|Any CPU
		{92D09D87-80C0-47E2-BB87-16D2EC4F007E}.Release|x64.Build.0 = Release|Any CPU
		{92D09D87-80C0-47E2-BB87-16D2EC4F007E}.Release|x86.ActiveCfg = Release|Any CPU
		{92D09D87-80C0-47E2-BB87-16D2EC4F007E}.Release|x86.Build.0 = Release|Any CPU
		{622350F3-5E5B-4AE2-959B-B18CEDD198D1}.Debug|Any CPU.ActiveCfg = Debug|Any CPU
		{622350F3-5E5B-4AE2-959B-B18CEDD198D1}.Debug|Any CPU.Build.0 = Debug|Any CPU
		{622350F3-5E5B-4AE2-959B-B18CEDD198D1}.Debug|x64.ActiveCfg = Debug|Any CPU
		{622350F3-5E5B-4AE2-959B-B18CEDD198D1}.Debug|x64.Build.0 = Debug|Any CPU
		{622350F3-5E5B-4AE2-959B-B18CEDD198D1}.Debug|x86.ActiveCfg = Debug|Any CPU
		{622350F3-5E5B-4AE2-959B-B18CEDD198D1}.Debug|x86.Build.0 = Debug|Any CPU
		{622350F3-5E5B-4AE2-959B-B18CEDD198D1}.Release|Any CPU.ActiveCfg = Release|Any CPU
		{622350F3-5E5B-4AE2-959B-B18CEDD198D1}.Release|Any CPU.Build.0 = Release|Any CPU
		{622350F3-5E5B-4AE2-959B-B18CEDD198D1}.Release|x64.ActiveCfg = Release|Any CPU
		{622350F3-5E5B-4AE2-959B-B18CEDD198D1}.Release|x64.Build.0 = Release|Any CPU
		{622350F3-5E5B-4AE2-959B-B18CEDD198D1}.Release|x86.ActiveCfg = Release|Any CPU
		{622350F3-5E5B-4AE2-959B-B18CEDD198D1}.Release|x86.Build.0 = Release|Any CPU
		{C6367A94-9CC1-46AD-9F39-F80D068D3CA8}.Debug|Any CPU.ActiveCfg = Debug|Any CPU
		{C6367A94-9CC1-46AD-9F39-F80D068D3CA8}.Debug|Any CPU.Build.0 = Debug|Any CPU
		{C6367A94-9CC1-46AD-9F39-F80D068D3CA8}.Debug|x64.ActiveCfg = Debug|Any CPU
		{C6367A94-9CC1-46AD-9F39-F80D068D3CA8}.Debug|x64.Build.0 = Debug|Any CPU
		{C6367A94-9CC1-46AD-9F39-F80D068D3CA8}.Debug|x86.ActiveCfg = Debug|Any CPU
		{C6367A94-9CC1-46AD-9F39-F80D068D3CA8}.Debug|x86.Build.0 = Debug|Any CPU
		{C6367A94-9CC1-46AD-9F39-F80D068D3CA8}.Release|Any CPU.ActiveCfg = Release|Any CPU
		{C6367A94-9CC1-46AD-9F39-F80D068D3CA8}.Release|Any CPU.Build.0 = Release|Any CPU
		{C6367A94-9CC1-46AD-9F39-F80D068D3CA8}.Release|x64.ActiveCfg = Release|Any CPU
		{C6367A94-9CC1-46AD-9F39-F80D068D3CA8}.Release|x64.Build.0 = Release|Any CPU
		{C6367A94-9CC1-46AD-9F39-F80D068D3CA8}.Release|x86.ActiveCfg = Release|Any CPU
		{C6367A94-9CC1-46AD-9F39-F80D068D3CA8}.Release|x86.Build.0 = Release|Any CPU
		{DB02DBBA-1CE8-4214-85A1-09A65A55893A}.Debug|Any CPU.ActiveCfg = Debug|Any CPU
		{DB02DBBA-1CE8-4214-85A1-09A65A55893A}.Debug|Any CPU.Build.0 = Debug|Any CPU
		{DB02DBBA-1CE8-4214-85A1-09A65A55893A}.Debug|x64.ActiveCfg = Debug|Any CPU
		{DB02DBBA-1CE8-4214-85A1-09A65A55893A}.Debug|x64.Build.0 = Debug|Any CPU
		{DB02DBBA-1CE8-4214-85A1-09A65A55893A}.Debug|x86.ActiveCfg = Debug|Any CPU
		{DB02DBBA-1CE8-4214-85A1-09A65A55893A}.Debug|x86.Build.0 = Debug|Any CPU
		{DB02DBBA-1CE8-4214-85A1-09A65A55893A}.Release|Any CPU.ActiveCfg = Release|Any CPU
		{DB02DBBA-1CE8-4214-85A1-09A65A55893A}.Release|Any CPU.Build.0 = Release|Any CPU
		{DB02DBBA-1CE8-4214-85A1-09A65A55893A}.Release|x64.ActiveCfg = Release|Any CPU
		{DB02DBBA-1CE8-4214-85A1-09A65A55893A}.Release|x64.Build.0 = Release|Any CPU
		{DB02DBBA-1CE8-4214-85A1-09A65A55893A}.Release|x86.ActiveCfg = Release|Any CPU
		{DB02DBBA-1CE8-4214-85A1-09A65A55893A}.Release|x86.Build.0 = Release|Any CPU
	EndGlobalSection
	GlobalSection(SolutionProperties) = preSolution
		HideSolutionNode = FALSE
	EndGlobalSection
	GlobalSection(NestedProjects) = preSolution
		{826FCCA2-4963-46E9-AA7A-DB611BF40E15} = {65A94F68-957C-4363-96EC-0B1484393C66}
		{12FE8E39-FD72-4CD9-852F-5FA4927B1A12} = {717666DF-E5F5-45AE-9F5C-504C0D1A008F}
		{8C72B6AC-6CCC-4EA9-AE23-88EEF5C92498} = {717666DF-E5F5-45AE-9F5C-504C0D1A008F}
		{6B1D5124-5EAB-45E1-BC99-8B2EACFCCF0E} = {717666DF-E5F5-45AE-9F5C-504C0D1A008F}
		{A0573B54-0BE1-4FCC-B373-33A2CB04C9B2} = {717666DF-E5F5-45AE-9F5C-504C0D1A008F}
		{68DD989B-6CD7-4CF5-A0FC-D3C34588C832} = {717666DF-E5F5-45AE-9F5C-504C0D1A008F}
		{97738815-DD1B-4B1A-B561-049C0F6D8608} = {EA6BE562-3273-42D0-AA51-FEFFBB90389A}
		{D8588072-61CF-4E75-BFA6-AD456C44D6E1} = {EA6BE562-3273-42D0-AA51-FEFFBB90389A}
		{CCDAABBD-94E6-4050-B7BB-59D22045EAF4} = {65A94F68-957C-4363-96EC-0B1484393C66}
		{92D09D87-80C0-47E2-BB87-16D2EC4F007E} = {63DA92E4-B48D-401E-A272-167AC64C6AB3}
		{622350F3-5E5B-4AE2-959B-B18CEDD198D1} = {63DA92E4-B48D-401E-A272-167AC64C6AB3}
		{C6367A94-9CC1-46AD-9F39-F80D068D3CA8} = {6980B8EF-1A17-4F47-B67E-7EA02A0637AF}
		{DB02DBBA-1CE8-4214-85A1-09A65A55893A} = {65A94F68-957C-4363-96EC-0B1484393C66}
	EndGlobalSection
	GlobalSection(ExtensibilityGlobals) = postSolution
		SolutionGuid = {78DD0E9D-1382-4E12-8FEA-CADF5E89E907}
	EndGlobalSection
EndGlobal
